// !$*UTF8*$!
{
	archiveVersion = 1;
	classes = {
	};
	objectVersion = 50;
	objects = {

/* Begin PBXBuildFile section */
		416D34BE245031DE00075E7A /* AppDelegate.swift in Sources */ = {isa = PBXBuildFile; fileRef = 416D34BD245031DE00075E7A /* AppDelegate.swift */; };
		416D34C0245031DE00075E7A /* SceneDelegate.swift in Sources */ = {isa = PBXBuildFile; fileRef = 416D34BF245031DE00075E7A /* SceneDelegate.swift */; };
		416D34C2245031DE00075E7A /* ViewController.swift in Sources */ = {isa = PBXBuildFile; fileRef = 416D34C1245031DE00075E7A /* ViewController.swift */; };
		416D34C5245031DE00075E7A /* Main.storyboard in Resources */ = {isa = PBXBuildFile; fileRef = 416D34C3245031DE00075E7A /* Main.storyboard */; };
		416D34C7245031E000075E7A /* Assets.xcassets in Resources */ = {isa = PBXBuildFile; fileRef = 416D34C6245031E000075E7A /* Assets.xcassets */; };
		416D34CA245031E000075E7A /* LaunchScreen.storyboard in Resources */ = {isa = PBXBuildFile; fileRef = 416D34C8245031E000075E7A /* LaunchScreen.storyboard */; };
		416D34D5245031E000075E7A /* CuRecTests.swift in Sources */ = {isa = PBXBuildFile; fileRef = 416D34D4245031E000075E7A /* CuRecTests.swift */; };
		416D34E0245031E000075E7A /* CuRecUITests.swift in Sources */ = {isa = PBXBuildFile; fileRef = 416D34DF245031E000075E7A /* CuRecUITests.swift */; };
/* End PBXBuildFile section */

/* Begin PBXContainerItemProxy section */
		416D34D1245031E000075E7A /* PBXContainerItemProxy */ = {
			isa = PBXContainerItemProxy;
			containerPortal = 416D34B2245031DE00075E7A /* Project object */;
			proxyType = 1;
			remoteGlobalIDString = 416D34B9245031DE00075E7A;
			remoteInfo = CuRec;
		};
		416D34DC245031E000075E7A /* PBXContainerItemProxy */ = {
			isa = PBXContainerItemProxy;
			containerPortal = 416D34B2245031DE00075E7A /* Project object */;
			proxyType = 1;
			remoteGlobalIDString = 416D34B9245031DE00075E7A;
			remoteInfo = CuRec;
		};
/* End PBXContainerItemProxy section */

/* Begin PBXFileReference section */
		416D34BA245031DE00075E7A /* CuRec.app */ = {isa = PBXFileReference; explicitFileType = wrapper.application; includeInIndex = 0; path = CuRec.app; sourceTree = BUILT_PRODUCTS_DIR; };
		416D34BD245031DE00075E7A /* AppDelegate.swift */ = {isa = PBXFileReference; lastKnownFileType = sourcecode.swift; path = AppDelegate.swift; sourceTree = "<group>"; };
		416D34BF245031DE00075E7A /* SceneDelegate.swift */ = {isa = PBXFileReference; lastKnownFileType = sourcecode.swift; path = SceneDelegate.swift; sourceTree = "<group>"; };
		416D34C1245031DE00075E7A /* ViewController.swift */ = {isa = PBXFileReference; lastKnownFileType = sourcecode.swift; path = ViewController.swift; sourceTree = "<group>"; };
		416D34C4245031DE00075E7A /* Base */ = {isa = PBXFileReference; lastKnownFileType = file.storyboard; name = Base; path = Base.lproj/Main.storyboard; sourceTree = "<group>"; };
		416D34C6245031E000075E7A /* Assets.xcassets */ = {isa = PBXFileReference; lastKnownFileType = folder.assetcatalog; path = Assets.xcassets; sourceTree = "<group>"; };
		416D34C9245031E000075E7A /* Base */ = {isa = PBXFileReference; lastKnownFileType = file.storyboard; name = Base; path = Base.lproj/LaunchScreen.storyboard; sourceTree = "<group>"; };
		416D34CB245031E000075E7A /* Info.plist */ = {isa = PBXFileReference; lastKnownFileType = text.plist.xml; path = Info.plist; sourceTree = "<group>"; };
		416D34D0245031E000075E7A /* CuRecTests.xctest */ = {isa = PBXFileReference; explicitFileType = wrapper.cfbundle; includeInIndex = 0; path = CuRecTests.xctest; sourceTree = BUILT_PRODUCTS_DIR; };
		416D34D4245031E000075E7A /* CuRecTests.swift */ = {isa = PBXFileReference; lastKnownFileType = sourcecode.swift; path = CuRecTests.swift; sourceTree = "<group>"; };
		416D34D6245031E000075E7A /* Info.plist */ = {isa = PBXFileReference; lastKnownFileType = text.plist.xml; path = Info.plist; sourceTree = "<group>"; };
		416D34DB245031E000075E7A /* CuRecUITests.xctest */ = {isa = PBXFileReference; explicitFileType = wrapper.cfbundle; includeInIndex = 0; path = CuRecUITests.xctest; sourceTree = BUILT_PRODUCTS_DIR; };
		416D34DF245031E000075E7A /* CuRecUITests.swift */ = {isa = PBXFileReference; lastKnownFileType = sourcecode.swift; path = CuRecUITests.swift; sourceTree = "<group>"; };
		416D34E1245031E000075E7A /* Info.plist */ = {isa = PBXFileReference; lastKnownFileType = text.plist.xml; path = Info.plist; sourceTree = "<group>"; };
/* End PBXFileReference section */

/* Begin PBXFrameworksBuildPhase section */
		416D34B7245031DE00075E7A /* Frameworks */ = {
			isa = PBXFrameworksBuildPhase;
			buildActionMask = 2147483647;
			files = (
			);
			runOnlyForDeploymentPostprocessing = 0;
		};
		416D34CD245031E000075E7A /* Frameworks */ = {
			isa = PBXFrameworksBuildPhase;
			buildActionMask = 2147483647;
			files = (
			);
			runOnlyForDeploymentPostprocessing = 0;
		};
		416D34D8245031E000075E7A /* Frameworks */ = {
			isa = PBXFrameworksBuildPhase;
			buildActionMask = 2147483647;
			files = (
			);
			runOnlyForDeploymentPostprocessing = 0;
		};
/* End PBXFrameworksBuildPhase section */

/* Begin PBXGroup section */
		416D34B1245031DE00075E7A = {
			isa = PBXGroup;
			children = (
				416D34BC245031DE00075E7A /* CuRec */,
				416D34D3245031E000075E7A /* CuRecTests */,
				416D34DE245031E000075E7A /* CuRecUITests */,
				416D34BB245031DE00075E7A /* Products */,
			);
			sourceTree = "<group>";
		};
		416D34BB245031DE00075E7A /* Products */ = {
			isa = PBXGroup;
			children = (
				416D34BA245031DE00075E7A /* CuRec.app */,
				416D34D0245031E000075E7A /* CuRecTests.xctest */,
				416D34DB245031E000075E7A /* CuRecUITests.xctest */,
			);
			name = Products;
			sourceTree = "<group>";
		};
		416D34BC245031DE00075E7A /* CuRec */ = {
			isa = PBXGroup;
			children = (
				416D34BD245031DE00075E7A /* AppDelegate.swift */,
				416D34BF245031DE00075E7A /* SceneDelegate.swift */,
				416D34C1245031DE00075E7A /* ViewController.swift */,
				416D34C3245031DE00075E7A /* Main.storyboard */,
				416D34C6245031E000075E7A /* Assets.xcassets */,
				416D34C8245031E000075E7A /* LaunchScreen.storyboard */,
				416D34CB245031E000075E7A /* Info.plist */,
			);
			path = CuRec;
			sourceTree = "<group>";
		};
		416D34D3245031E000075E7A /* CuRecTests */ = {
			isa = PBXGroup;
			children = (
				416D34D4245031E000075E7A /* CuRecTests.swift */,
				416D34D6245031E000075E7A /* Info.plist */,
			);
			path = CuRecTests;
			sourceTree = "<group>";
		};
		416D34DE245031E000075E7A /* CuRecUITests */ = {
			isa = PBXGroup;
			children = (
				416D34DF245031E000075E7A /* CuRecUITests.swift */,
				416D34E1245031E000075E7A /* Info.plist */,
			);
			path = CuRecUITests;
			sourceTree = "<group>";
		};
/* End PBXGroup section */

/* Begin PBXNativeTarget section */
		416D34B9245031DE00075E7A /* CuRec */ = {
			isa = PBXNativeTarget;
			buildConfigurationList = 416D34E4245031E000075E7A /* Build configuration list for PBXNativeTarget "CuRec" */;
			buildPhases = (
				416D34B6245031DE00075E7A /* Sources */,
				416D34B7245031DE00075E7A /* Frameworks */,
				416D34B8245031DE00075E7A /* Resources */,
			);
			buildRules = (
			);
			dependencies = (
			);
			name = CuRec;
			productName = CuRec;
			productReference = 416D34BA245031DE00075E7A /* CuRec.app */;
			productType = "com.apple.product-type.application";
		};
		416D34CF245031E000075E7A /* CuRecTests */ = {
			isa = PBXNativeTarget;
			buildConfigurationList = 416D34E7245031E000075E7A /* Build configuration list for PBXNativeTarget "CuRecTests" */;
			buildPhases = (
				416D34CC245031E000075E7A /* Sources */,
				416D34CD245031E000075E7A /* Frameworks */,
				416D34CE245031E000075E7A /* Resources */,
			);
			buildRules = (
			);
			dependencies = (
				416D34D2245031E000075E7A /* PBXTargetDependency */,
			);
			name = CuRecTests;
			productName = CuRecTests;
			productReference = 416D34D0245031E000075E7A /* CuRecTests.xctest */;
			productType = "com.apple.product-type.bundle.unit-test";
		};
		416D34DA245031E000075E7A /* CuRecUITests */ = {
			isa = PBXNativeTarget;
			buildConfigurationList = 416D34EA245031E000075E7A /* Build configuration list for PBXNativeTarget "CuRecUITests" */;
			buildPhases = (
				416D34D7245031E000075E7A /* Sources */,
				416D34D8245031E000075E7A /* Frameworks */,
				416D34D9245031E000075E7A /* Resources */,
			);
			buildRules = (
			);
			dependencies = (
				416D34DD245031E000075E7A /* PBXTargetDependency */,
			);
			name = CuRecUITests;
			productName = CuRecUITests;
			productReference = 416D34DB245031E000075E7A /* CuRecUITests.xctest */;
			productType = "com.apple.product-type.bundle.ui-testing";
		};
/* End PBXNativeTarget section */

/* Begin PBXProject section */
		416D34B2245031DE00075E7A /* Project object */ = {
			isa = PBXProject;
			attributes = {
				LastSwiftUpdateCheck = 1120;
				LastUpgradeCheck = 1120;
				ORGANIZATIONNAME = "Kalhara Perera";
				TargetAttributes = {
					416D34B9245031DE00075E7A = {
						CreatedOnToolsVersion = 11.2.1;
					};
					416D34CF245031E000075E7A = {
						CreatedOnToolsVersion = 11.2.1;
						TestTargetID = 416D34B9245031DE00075E7A;
					};
					416D34DA245031E000075E7A = {
						CreatedOnToolsVersion = 11.2.1;
						TestTargetID = 416D34B9245031DE00075E7A;
					};
				};
			};
			buildConfigurationList = 416D34B5245031DE00075E7A /* Build configuration list for PBXProject "CuRec" */;
			compatibilityVersion = "Xcode 9.3";
			developmentRegion = en;
			hasScannedForEncodings = 0;
			knownRegions = (
				en,
				Base,
			);
			mainGroup = 416D34B1245031DE00075E7A;
			productRefGroup = 416D34BB245031DE00075E7A /* Products */;
			projectDirPath = "";
			projectRoot = "";
			targets = (
				416D34B9245031DE00075E7A /* CuRec */,
				416D34CF245031E000075E7A /* CuRecTests */,
				416D34DA245031E000075E7A /* CuRecUITests */,
			);
		};
/* End PBXProject section */

/* Begin PBXResourcesBuildPhase section */
		416D34B8245031DE00075E7A /* Resources */ = {
			isa = PBXResourcesBuildPhase;
			buildActionMask = 2147483647;
			files = (
				416D34CA245031E000075E7A /* LaunchScreen.storyboard in Resources */,
				416D34C7245031E000075E7A /* Assets.xcassets in Resources */,
				416D34C5245031DE00075E7A /* Main.storyboard in Resources */,
			);
			runOnlyForDeploymentPostprocessing = 0;
		};
		416D34CE245031E000075E7A /* Resources */ = {
			isa = PBXResourcesBuildPhase;
			buildActionMask = 2147483647;
			files = (
			);
			runOnlyForDeploymentPostprocessing = 0;
		};
		416D34D9245031E000075E7A /* Resources */ = {
			isa = PBXResourcesBuildPhase;
			buildActionMask = 2147483647;
			files = (
			);
			runOnlyForDeploymentPostprocessing = 0;
		};
/* End PBXResourcesBuildPhase section */

/* Begin PBXSourcesBuildPhase section */
		416D34B6245031DE00075E7A /* Sources */ = {
			isa = PBXSourcesBuildPhase;
			buildActionMask = 2147483647;
			files = (
				416D34C2245031DE00075E7A /* ViewController.swift in Sources */,
				416D34BE245031DE00075E7A /* AppDelegate.swift in Sources */,
				416D34C0245031DE00075E7A /* SceneDelegate.swift in Sources */,
			);
			runOnlyForDeploymentPostprocessing = 0;
		};
		416D34CC245031E000075E7A /* Sources */ = {
			isa = PBXSourcesBuildPhase;
			buildActionMask = 2147483647;
			files = (
				416D34D5245031E000075E7A /* CuRecTests.swift in Sources */,
			);
			runOnlyForDeploymentPostprocessing = 0;
		};
		416D34D7245031E000075E7A /* Sources */ = {
			isa = PBXSourcesBuildPhase;
			buildActionMask = 2147483647;
			files = (
				416D34E0245031E000075E7A /* CuRecUITests.swift in Sources */,
			);
			runOnlyForDeploymentPostprocessing = 0;
		};
/* End PBXSourcesBuildPhase section */

/* Begin PBXTargetDependency section */
		416D34D2245031E000075E7A /* PBXTargetDependency */ = {
			isa = PBXTargetDependency;
			target = 416D34B9245031DE00075E7A /* CuRec */;
			targetProxy = 416D34D1245031E000075E7A /* PBXContainerItemProxy */;
		};
		416D34DD245031E000075E7A /* PBXTargetDependency */ = {
			isa = PBXTargetDependency;
			target = 416D34B9245031DE00075E7A /* CuRec */;
			targetProxy = 416D34DC245031E000075E7A /* PBXContainerItemProxy */;
		};
/* End PBXTargetDependency section */

/* Begin PBXVariantGroup section */
		416D34C3245031DE00075E7A /* Main.storyboard */ = {
			isa = PBXVariantGroup;
			children = (
				416D34C4245031DE00075E7A /* Base */,
			);
			name = Main.storyboard;
			sourceTree = "<group>";
		};
		416D34C8245031E000075E7A /* LaunchScreen.storyboard */ = {
			isa = PBXVariantGroup;
			children = (
				416D34C9245031E000075E7A /* Base */,
			);
			name = LaunchScreen.storyboard;
			sourceTree = "<group>";
		};
/* End PBXVariantGroup section */

/* Begin XCBuildConfiguration section */
		416D34E2245031E000075E7A /* Debug */ = {
			isa = XCBuildConfiguration;
			buildSettings = {
				ALWAYS_SEARCH_USER_PATHS = NO;
				CLANG_ANALYZER_NONNULL = YES;
				CLANG_ANALYZER_NUMBER_OBJECT_CONVERSION = YES_AGGRESSIVE;
				CLANG_CXX_LANGUAGE_STANDARD = "gnu++14";
				CLANG_CXX_LIBRARY = "libc++";
				CLANG_ENABLE_MODULES = YES;
				CLANG_ENABLE_OBJC_ARC = YES;
				CLANG_ENABLE_OBJC_WEAK = YES;
				CLANG_WARN_BLOCK_CAPTURE_AUTORELEASING = YES;
				CLANG_WARN_BOOL_CONVERSION = YES;
				CLANG_WARN_COMMA = YES;
				CLANG_WARN_CONSTANT_CONVERSION = YES;
				CLANG_WARN_DEPRECATED_OBJC_IMPLEMENTATIONS = YES;
				CLANG_WARN_DIRECT_OBJC_ISA_USAGE = YES_ERROR;
				CLANG_WARN_DOCUMENTATION_COMMENTS = YES;
				CLANG_WARN_EMPTY_BODY = YES;
				CLANG_WARN_ENUM_CONVERSION = YES;
				CLANG_WARN_INFINITE_RECURSION = YES;
				CLANG_WARN_INT_CONVERSION = YES;
				CLANG_WARN_NON_LITERAL_NULL_CONVERSION = YES;
				CLANG_WARN_OBJC_IMPLICIT_RETAIN_SELF = YES;
				CLANG_WARN_OBJC_LITERAL_CONVERSION = YES;
				CLANG_WARN_OBJC_ROOT_CLASS = YES_ERROR;
				CLANG_WARN_RANGE_LOOP_ANALYSIS = YES;
				CLANG_WARN_STRICT_PROTOTYPES = YES;
				CLANG_WARN_SUSPICIOUS_MOVE = YES;
				CLANG_WARN_UNGUARDED_AVAILABILITY = YES_AGGRESSIVE;
				CLANG_WARN_UNREACHABLE_CODE = YES;
				CLANG_WARN__DUPLICATE_METHOD_MATCH = YES;
				COPY_PHASE_STRIP = NO;
				DEBUG_INFORMATION_FORMAT = dwarf;
				ENABLE_STRICT_OBJC_MSGSEND = YES;
				ENABLE_TESTABILITY = YES;
				GCC_C_LANGUAGE_STANDARD = gnu11;
				GCC_DYNAMIC_NO_PIC = NO;
				GCC_NO_COMMON_BLOCKS = YES;
				GCC_OPTIMIZATION_LEVEL = 0;
				GCC_PREPROCESSOR_DEFINITIONS = (
					"DEBUG=1",
					"$(inherited)",
				);
				GCC_WARN_64_TO_32_BIT_CONVERSION = YES;
				GCC_WARN_ABOUT_RETURN_TYPE = YES_ERROR;
				GCC_WARN_UNDECLARED_SELECTOR = YES;
				GCC_WARN_UNINITIALIZED_AUTOS = YES_AGGRESSIVE;
				GCC_WARN_UNUSED_FUNCTION = YES;
				GCC_WARN_UNUSED_VARIABLE = YES;
				IPHONEOS_DEPLOYMENT_TARGET = 13.2;
				MTL_ENABLE_DEBUG_INFO = INCLUDE_SOURCE;
				MTL_FAST_MATH = YES;
				ONLY_ACTIVE_ARCH = YES;
				SDKROOT = iphoneos;
				SWIFT_ACTIVE_COMPILATION_CONDITIONS = DEBUG;
				SWIFT_OPTIMIZATION_LEVEL = "-Onone";
			};
			name = Debug;
		};
		416D34E3245031E000075E7A /* Release */ = {
			isa = XCBuildConfiguration;
			buildSettings = {
				ALWAYS_SEARCH_USER_PATHS = NO;
				CLANG_ANALYZER_NONNULL = YES;
				CLANG_ANALYZER_NUMBER_OBJECT_CONVERSION = YES_AGGRESSIVE;
				CLANG_CXX_LANGUAGE_STANDARD = "gnu++14";
				CLANG_CXX_LIBRARY = "libc++";
				CLANG_ENABLE_MODULES = YES;
				CLANG_ENABLE_OBJC_ARC = YES;
				CLANG_ENABLE_OBJC_WEAK = YES;
				CLANG_WARN_BLOCK_CAPTURE_AUTORELEASING = YES;
				CLANG_WARN_BOOL_CONVERSION = YES;
				CLANG_WARN_COMMA = YES;
				CLANG_WARN_CONSTANT_CONVERSION = YES;
				CLANG_WARN_DEPRECATED_OBJC_IMPLEMENTATIONS = YES;
				CLANG_WARN_DIRECT_OBJC_ISA_USAGE = YES_ERROR;
				CLANG_WARN_DOCUMENTATION_COMMENTS = YES;
				CLANG_WARN_EMPTY_BODY = YES;
				CLANG_WARN_ENUM_CONVERSION = YES;
				CLANG_WARN_INFINITE_RECURSION = YES;
				CLANG_WARN_INT_CONVERSION = YES;
				CLANG_WARN_NON_LITERAL_NULL_CONVERSION = YES;
				CLANG_WARN_OBJC_IMPLICIT_RETAIN_SELF = YES;
				CLANG_WARN_OBJC_LITERAL_CONVERSION = YES;
				CLANG_WARN_OBJC_ROOT_CLASS = YES_ERROR;
				CLANG_WARN_RANGE_LOOP_ANALYSIS = YES;
				CLANG_WARN_STRICT_PROTOTYPES = YES;
				CLANG_WARN_SUSPICIOUS_MOVE = YES;
				CLANG_WARN_UNGUARDED_AVAILABILITY = YES_AGGRESSIVE;
				CLANG_WARN_UNREACHABLE_CODE = YES;
				CLANG_WARN__DUPLICATE_METHOD_MATCH = YES;
				COPY_PHASE_STRIP = NO;
				DEBUG_INFORMATION_FORMAT = "dwarf-with-dsym";
				ENABLE_NS_ASSERTIONS = NO;
				ENABLE_STRICT_OBJC_MSGSEND = YES;
				GCC_C_LANGUAGE_STANDARD = gnu11;
				GCC_NO_COMMON_BLOCKS = YES;
				GCC_WARN_64_TO_32_BIT_CONVERSION = YES;
				GCC_WARN_ABOUT_RETURN_TYPE = YES_ERROR;
				GCC_WARN_UNDECLARED_SELECTOR = YES;
				GCC_WARN_UNINITIALIZED_AUTOS = YES_AGGRESSIVE;
				GCC_WARN_UNUSED_FUNCTION = YES;
				GCC_WARN_UNUSED_VARIABLE = YES;
				IPHONEOS_DEPLOYMENT_TARGET = 13.2;
				MTL_ENABLE_DEBUG_INFO = NO;
				MTL_FAST_MATH = YES;
				SDKROOT = iphoneos;
				SWIFT_COMPILATION_MODE = wholemodule;
				SWIFT_OPTIMIZATION_LEVEL = "-O";
				VALIDATE_PRODUCT = YES;
			};
			name = Release;
		};
		416D34E5245031E000075E7A /* Debug */ = {
			isa = XCBuildConfiguration;
			buildSettings = {
				ASSETCATALOG_COMPILER_APPICON_NAME = AppIcon;
				CODE_SIGN_STYLE = Automatic;
				INFOPLIST_FILE = CuRec/Info.plist;
				LD_RUNPATH_SEARCH_PATHS = (
					"$(inherited)",
					"@executable_path/Frameworks",
				);
				PRODUCT_BUNDLE_IDENTIFIER = "hello-world.CuRec";
				PRODUCT_NAME = "$(TARGET_NAME)";
				SWIFT_VERSION = 5.0;
				TARGETED_DEVICE_FAMILY = "1,2";
			};
			name = Debug;
		};
		416D34E6245031E000075E7A /* Release */ = {
			isa = XCBuildConfiguration;
			buildSettings = {
				ASSETCATALOG_COMPILER_APPICON_NAME = AppIcon;
				CODE_SIGN_STYLE = Automatic;
				INFOPLIST_FILE = CuRec/Info.plist;
				LD_RUNPATH_SEARCH_PATHS = (
					"$(inherited)",
					"@executable_path/Frameworks",
				);
				PRODUCT_BUNDLE_IDENTIFIER = "hello-world.CuRec";
				PRODUCT_NAME = "$(TARGET_NAME)";
				SWIFT_VERSION = 5.0;
				TARGETED_DEVICE_FAMILY = "1,2";
			};
			name = Release;
		};
		416D34E8245031E000075E7A /* Debug */ = {
			isa = XCBuildConfiguration;
			buildSettings = {
				ALWAYS_EMBED_SWIFT_STANDARD_LIBRARIES = YES;
				BUNDLE_LOADER = "$(TEST_HOST)";
				CODE_SIGN_STYLE = Automatic;
				INFOPLIST_FILE = CuRecTests/Info.plist;
				IPHONEOS_DEPLOYMENT_TARGET = 13.2;
				LD_RUNPATH_SEARCH_PATHS = (
					"$(inherited)",
					"@executable_path/Frameworks",
					"@loader_path/Frameworks",
				);
				PRODUCT_BUNDLE_IDENTIFIER = "hello-world.CuRecTests";
				PRODUCT_NAME = "$(TARGET_NAME)";
				SWIFT_VERSION = 5.0;
				TARGETED_DEVICE_FAMILY = "1,2";
				TEST_HOST = "$(BUILT_PRODUCTS_DIR)/CuRec.app/CuRec";
			};
			name = Debug;
		};
		416D34E9245031E000075E7A /* Release */ = {
			isa = XCBuildConfiguration;
			buildSettings = {
				ALWAYS_EMBED_SWIFT_STANDARD_LIBRARIES = YES;
				BUNDLE_LOADER = "$(TEST_HOST)";
				CODE_SIGN_STYLE = Automatic;
				INFOPLIST_FILE = CuRecTests/Info.plist;
				IPHONEOS_DEPLOYMENT_TARGET = 13.2;
				LD_RUNPATH_SEARCH_PATHS = (
					"$(inherited)",
					"@executable_path/Frameworks",
					"@loader_path/Frameworks",
				);
				PRODUCT_BUNDLE_IDENTIFIER = "hello-world.CuRecTests";
				PRODUCT_NAME = "$(TARGET_NAME)";
				SWIFT_VERSION = 5.0;
				TARGETED_DEVICE_FAMILY = "1,2";
				TEST_HOST = "$(BUILT_PRODUCTS_DIR)/CuRec.app/CuRec";
			};
			name = Release;
		};
		416D34EB245031E000075E7A /* Debug */ = {
			isa = XCBuildConfiguration;
			buildSettings = {
				ALWAYS_EMBED_SWIFT_STANDARD_LIBRARIES = YES;
				CODE_SIGN_STYLE = Automatic;
				INFOPLIST_FILE = CuRecUITests/Info.plist;
				LD_RUNPATH_SEARCH_PATHS = (
					"$(inherited)",
					"@executable_path/Frameworks",
					"@loader_path/Frameworks",
				);
				PRODUCT_BUNDLE_IDENTIFIER = "hello-world.CuRecUITests";
				PRODUCT_NAME = "$(TARGET_NAME)";
				SWIFT_VERSION = 5.0;
				TARGETED_DEVICE_FAMILY = "1,2";
				TEST_TARGET_NAME = CuRec;
			};
			name = Debug;
		};
		416D34EC245031E000075E7A /* Release */ = {
			isa = XCBuildConfiguration;
			buildSettings = {
				ALWAYS_EMBED_SWIFT_STANDARD_LIBRARIES = YES;
				CODE_SIGN_STYLE = Automatic;
				INFOPLIST_FILE = CuRecUITests/Info.plist;
				LD_RUNPATH_SEARCH_PATHS = (
					"$(inherited)",
					"@executable_path/Frameworks",
					"@loader_path/Frameworks",
				);
				PRODUCT_BUNDLE_IDENTIFIER = "hello-world.CuRecUITests";
				PRODUCT_NAME = "$(TARGET_NAME)";
				SWIFT_VERSION = 5.0;
				TARGETED_DEVICE_FAMILY = "1,2";
				TEST_TARGET_NAME = CuRec;
			};
			name = Release;
		};
/* End XCBuildConfiguration section */

/* Begin XCConfigurationList section */
		416D34B5245031DE00075E7A /* Build configuration list for PBXProject "CuRec" */ = {
			isa = XCConfigurationList;
			buildConfigurations = (
				416D34E2245031E000075E7A /* Debug */,
				416D34E3245031E000075E7A /* Release */,
			);
			defaultConfigurationIsVisible = 0;
			defaultConfigurationName = Release;
		};
		416D34E4245031E000075E7A /* Build configuration list for PBXNativeTarget "CuRec" */ = {
			isa = XCConfigurationList;
			buildConfigurations = (
				416D34E5245031E000075E7A /* Debug */,
				416D34E6245031E000075E7A /* Release */,
			);
			defaultConfigurationIsVisible = 0;
			defaultConfigurationName = Release;
		};
		416D34E7245031E000075E7A /* Build configuration list for PBXNativeTarget "CuRecTests" */ = {
			isa = XCConfigurationList;
			buildConfigurations = (
				416D34E8245031E000075E7A /* Debug */,
				416D34E9245031E000075E7A /* Release */,
			);
			defaultConfigurationIsVisible = 0;
			defaultConfigurationName = Release;
		};
		416D34EA245031E000075E7A /* Build configuration list for PBXNativeTarget "CuRecUITests" */ = {
			isa = XCConfigurationList;
			buildConfigurations = (
				416D34EB245031E000075E7A /* Debug */,
				416D34EC245031E000075E7A /* Release */,
			);
			defaultConfigurationIsVisible = 0;
			defaultConfigurationName = Release;
		};
/* End XCConfigurationList section */
	};
	rootObject = 416D34B2245031DE00075E7A /* Project object */;
}
